
Microsoft Visual Studio Solution File, Format Version 12.00
# Visual Studio 15
VisualStudioVersion = 15.0.27703.2018
MinimumVisualStudioVersion = 10.0.40219.1
Project("{FAE04EC0-301F-11D3-BF4B-00C04F79EFBC}") = "ISI.CdmNextAddin.ExcelAddin", "ISI.CdmNextAddin.ExcelAddin\ISI.CdmNextAddin.ExcelAddin.csproj", "{93D810C6-D3A9-4237-825D-EAC4EC19D643}"
EndProject
Project("{8BC9CEB8-8B4A-11D0-8D11-00A0C91BC942}") = "ExcelAddin", "ExcelAddin\ExcelAddin.vcxproj", "{79E4D816-482F-44F2-943B-3A06534F5F00}"
EndProject
Project("{FAE04EC0-301F-11D3-BF4B-00C04F79EFBC}") = "ManagedAggregator", "ManagedAggregator\ManagedAggregator.csproj", "{97A41573-1809-43E1-9BB3-8943518A3067}"
EndProject
Global
	GlobalSection(SolutionConfigurationPlatforms) = preSolution
		Debug|Any CPU = Debug|Any CPU
		Debug|Mixed Platforms = Debug|Mixed Platforms
		Debug|Win32 = Debug|Win32
		Release|Any CPU = Release|Any CPU
		Release|Mixed Platforms = Release|Mixed Platforms
		Release|Win32 = Release|Win32
	EndGlobalSection
	GlobalSection(ProjectConfigurationPlatforms) = postSolution
		{93D810C6-D3A9-4237-825D-EAC4EC19D643}.Debug|Any CPU.ActiveCfg = Debug|Any CPU
		{93D810C6-D3A9-4237-825D-EAC4EC19D643}.Debug|Any CPU.Build.0 = Debug|Any CPU
		{93D810C6-D3A9-4237-825D-EAC4EC19D643}.Debug|Mixed Platforms.ActiveCfg = Debug|Any CPU
		{93D810C6-D3A9-4237-825D-EAC4EC19D643}.Debug|Mixed Platforms.Build.0 = Debug|Any CPU
		{93D810C6-D3A9-4237-825D-EAC4EC19D643}.Debug|Win32.ActiveCfg = Debug|Any CPU
		{93D810C6-D3A9-4237-825D-EAC4EC19D643}.Release|Any CPU.ActiveCfg = Release|Any CPU
		{93D810C6-D3A9-4237-825D-EAC4EC19D643}.Release|Any CPU.Build.0 = Release|Any CPU
		{93D810C6-D3A9-4237-825D-EAC4EC19D643}.Release|Mixed Platforms.ActiveCfg = Release|Any CPU
		{93D810C6-D3A9-4237-825D-EAC4EC19D643}.Release|Mixed Platforms.Build.0 = Release|Any CPU
		{93D810C6-D3A9-4237-825D-EAC4EC19D643}.Release|Win32.ActiveCfg = Release|Any CPU
		{79E4D816-482F-44F2-943B-3A06534F5F00}.Debug|Any CPU.ActiveCfg = Debug|Win32
		{79E4D816-482F-44F2-943B-3A06534F5F00}.Debug|Mixed Platforms.ActiveCfg = Debug|Win32
		{79E4D816-482F-44F2-943B-3A06534F5F00}.Debug|Mixed Platforms.Build.0 = Debug|Win32
		{79E4D816-482F-44F2-943B-3A06534F5F00}.Debug|Win32.ActiveCfg = Debug|Win32
		{79E4D816-482F-44F2-943B-3A06534F5F00}.Debug|Win32.Build.0 = Debug|Win32
		{79E4D816-482F-44F2-943B-3A06534F5F00}.Release|Any CPU.ActiveCfg = Release|Win32
		{79E4D816-482F-44F2-943B-3A06534F5F00}.Release|Mixed Platforms.ActiveCfg = Release|Win32
		{79E4D816-482F-44F2-943B-3A06534F5F00}.Release|Mixed Platforms.Build.0 = Release|Win32
		{79E4D816-482F-44F2-943B-3A06534F5F00}.Release|Win32.ActiveCfg = Release|Win32
		{79E4D816-482F-44F2-943B-3A06534F5F00}.Release|Win32.Build.0 = Release|Win32
		{97A41573-1809-43E1-9BB3-8943518A3067}.Debug|Any CPU.ActiveCfg = Debug|Any CPU
		{97A41573-1809-43E1-9BB3-8943518A3067}.Debug|Any CPU.Build.0 = Debug|Any CPU
		{97A41573-1809-43E1-9BB3-8943518A3067}.Debug|Mixed Platforms.ActiveCfg = Debug|Any CPU
		{97A41573-1809-43E1-9BB3-8943518A3067}.Debug|Mixed Platforms.Build.0 = Debug|Any CPU
		{97A41573-1809-43E1-9BB3-8943518A3067}.Debug|Win32.ActiveCfg = Debug|Any CPU
		{97A41573-1809-43E1-9BB3-8943518A3067}.Release|Any CPU.ActiveCfg = Release|Any CPU
		{97A41573-1809-43E1-9BB3-8943518A3067}.Release|Any CPU.Build.0 = Release|Any CPU
		{97A41573-1809-43E1-9BB3-8943518A3067}.Release|Mixed Platforms.ActiveCfg = Release|Any CPU
		{97A41573-1809-43E1-9BB3-8943518A3067}.Release|Mixed Platforms.Build.0 = Release|Any CPU
		{97A41573-1809-43E1-9BB3-8943518A3067}.Release|Win32.ActiveCfg = Release|Any CPU
	EndGlobalSection
	GlobalSection(SolutionProperties) = preSolution
		HideSolutionNode = FALSE
	EndGlobalSection
	GlobalSection(ExtensibilityGlobals) = postSolution
		SolutionGuid = {92D25B1D-8A67-40F6-B89B-26DA533D033E}
	EndGlobalSection
EndGlobal
